
Microsoft Visual Studio Solution File, Format Version 12.00
# Visual Studio Version 16
VisualStudioVersion = 16.0.29709.97
MinimumVisualStudioVersion = 10.0.40219.1
Project("{FAE04EC0-301F-11D3-BF4B-00C04F79EFBC}") = "listview.UWP", "listview\listview.UWP\listview.UWP.csproj", "{539FD31A-1F93-4CF7-86E7-B46DDF7594A4}"
EndProject
Project("{FAE04EC0-301F-11D3-BF4B-00C04F79EFBC}") = "listview.Android", "listview\listview.Android\listview.Android.csproj", "{E2912D97-6A72-4E09-BCFE-B44C44052BD7}"
EndProject
Project("{FAE04EC0-301F-11D3-BF4B-00C04F79EFBC}") = "listview.iOS", "listview\listview.iOS\listview.iOS.csproj", "{C9959B4D-AED4-40F7-8E03-2F4E3FDF0D67}"
EndProject
Project("{FAE04EC0-301F-11D3-BF4B-00C04F79EFBC}") = "listview", "listview\listview\listview.csproj", "{AEC0EFFC-A563-4BF3-9981-3120876694F6}"
EndProject
Global
	GlobalSection(SolutionConfigurationPlatforms) = preSolution
		Debug|Any CPU = Debug|Any CPU
		Debug|ARM = Debug|ARM
		Debug|iPhone = Debug|iPhone
		Debug|iPhoneSimulator = Debug|iPhoneSimulator
		Debug|x64 = Debug|x64
		Debug|x86 = Debug|x86
		Release|Any CPU = Release|Any CPU
		Release|ARM = Release|ARM
		Release|iPhone = Release|iPhone
		Release|iPhoneSimulator = Release|iPhoneSimulator
		Release|x64 = Release|x64
		Release|x86 = Release|x86
	EndGlobalSection
	GlobalSection(ProjectConfigurationPlatforms) = postSolution
		{539FD31A-1F93-4CF7-86E7-B46DDF7594A4}.Debug|Any CPU.ActiveCfg = Debug|x86
		{539FD31A-1F93-4CF7-86E7-B46DDF7594A4}.Debug|Any CPU.Build.0 = Debug|x86
		{539FD31A-1F93-4CF7-86E7-B46DDF7594A4}.Debug|Any CPU.Deploy.0 = Debug|x86
		{539FD31A-1F93-4CF7-86E7-B46DDF7594A4}.Debug|ARM.ActiveCfg = Debug|ARM
		{539FD31A-1F93-4CF7-86E7-B46DDF7594A4}.Debug|ARM.Build.0 = Debug|ARM
		{539FD31A-1F93-4CF7-86E7-B46DDF7594A4}.Debug|ARM.Deploy.0 = Debug|ARM
		{539FD31A-1F93-4CF7-86E7-B46DDF7594A4}.Debug|iPhone.ActiveCfg = Debug|x86
		{539FD31A-1F93-4CF7-86E7-B46DDF7594A4}.Debug|iPhone.Build.0 = Debug|x86
		{539FD31A-1F93-4CF7-86E7-B46DDF7594A4}.Debug|iPhone.Deploy.0 = Debug|x86
		{539FD31A-1F93-4CF7-86E7-B46DDF7594A4}.Debug|iPhoneSimulator.ActiveCfg = Debug|x86
		{539FD31A-1F93-4CF7-86E7-B46DDF7594A4}.Debug|iPhoneSimulator.Build.0 = Debug|x86
		{539FD31A-1F93-4CF7-86E7-B46DDF7594A4}.Debug|iPhoneSimulator.Deploy.0 = Debug|x86
		{539FD31A-1F93-4CF7-86E7-B46DDF7594A4}.Debug|x64.ActiveCfg = Debug|x64
		{539FD31A-1F93-4CF7-86E7-B46DDF7594A4}.Debug|x64.Build.0 = Debug|x64
		{539FD31A-1F93-4CF7-86E7-B46DDF7594A4}.Debug|x64.Deploy.0 = Debug|x64
		{539FD31A-1F93-4CF7-86E7-B46DDF7594A4}.Debug|x86.ActiveCfg = Debug|x86
		{539FD31A-1F93-4CF7-86E7-B46DDF7594A4}.Debug|x86.Build.0 = Debug|x86
		{539FD31A-1F93-4CF7-86E7-B46DDF7594A4}.Debug|x86.Deploy.0 = Debug|x86
		{539FD31A-1F93-4CF7-86E7-B46DDF7594A4}.Release|Any CPU.ActiveCfg = Release|x86
		{539FD31A-1F93-4CF7-86E7-B46DDF7594A4}.Release|Any CPU.Build.0 = Release|x86
		{539FD31A-1F93-4CF7-86E7-B46DDF7594A4}.Release|Any CPU.Deploy.0 = Release|x86
		{539FD31A-1F93-4CF7-86E7-B46DDF7594A4}.Release|ARM.ActiveCfg = Release|ARM
		{539FD31A-1F93-4CF7-86E7-B46DDF7594A4}.Release|ARM.Build.0 = Release|ARM
		{539FD31A-1F93-4CF7-86E7-B46DDF7594A4}.Release|ARM.Deploy.0 = Release|ARM
		{539FD31A-1F93-4CF7-86E7-B46DDF7594A4}.Release|iPhone.ActiveCfg = Release|x86
		{539FD31A-1F93-4CF7-86E7-B46DDF7594A4}.Release|iPhone.Build.0 = Release|x86
		{539FD31A-1F93-4CF7-86E7-B46DDF7594A4}.Release|iPhone.Deploy.0 = Release|x86
		{539FD31A-1F93-4CF7-86E7-B46DDF7594A4}.Release|iPhoneSimulator.ActiveCfg = Release|x86
		{539FD31A-1F93-4CF7-86E7-B46DDF7594A4}.Release|iPhoneSimulator.Build.0 = Release|x86
		{539FD31A-1F93-4CF7-86E7-B46DDF7594A4}.Release|iPhoneSimulator.Deploy.0 = Release|x86
		{539FD31A-1F93-4CF7-86E7-B46DDF7594A4}.Release|x64.ActiveCfg = Release|x64
		{539FD31A-1F93-4CF7-86E7-B46DDF7594A4}.Release|x64.Build.0 = Release|x64
		{539FD31A-1F93-4CF7-86E7-B46DDF7594A4}.Release|x64.Deploy.0 = Release|x64
		{539FD31A-1F93-4CF7-86E7-B46DDF7594A4}.Release|x86.ActiveCfg = Release|x86
		{539FD31A-1F93-4CF7-86E7-B46DDF7594A4}.Release|x86.Build.0 = Release|x86
		{539FD31A-1F93-4CF7-86E7-B46DDF7594A4}.Release|x86.Deploy.0 = Release|x86
		{E2912D97-6A72-4E09-BCFE-B44C44052BD7}.Debug|Any CPU.ActiveCfg = Debug|Any CPU
		{E2912D97-6A72-4E09-BCFE-B44C44052BD7}.Debug|Any CPU.Build.0 = Debug|Any CPU
		{E2912D97-6A72-4E09-BCFE-B44C44052BD7}.Debug|Any CPU.Deploy.0 = Debug|Any CPU
		{E2912D97-6A72-4E09-BCFE-B44C44052BD7}.Debug|ARM.ActiveCfg = Debug|Any CPU
		{E2912D97-6A72-4E09-BCFE-B44C44052BD7}.Debug|ARM.Build.0 = Debug|Any CPU
		{E2912D97-6A72-4E09-BCFE-B44C44052BD7}.Debug|ARM.Deploy.0 = Debug|Any CPU
		{E2912D97-6A72-4E09-BCFE-B44C44052BD7}.Debug|iPhone.ActiveCfg = Debug|Any CPU
		{E2912D97-6A72-4E09-BCFE-B44C44052BD7}.Debug|iPhone.Build.0 = Debug|Any CPU
		{E2912D97-6A72-4E09-BCFE-B44C44052BD7}.Debug|iPhone.Deploy.0 = Debug|Any CPU
		{E2912D97-6A72-4E09-BCFE-B44C44052BD7}.Debug|iPhoneSimulator.ActiveCfg = Debug|Any CPU
		{E2912D97-6A72-4E09-BCFE-B44C44052BD7}.Debug|iPhoneSimulator.Build.0 = Debug|Any CPU
		{E2912D97-6A72-4E09-BCFE-B44C44052BD7}.Debug|iPhoneSimulator.Deploy.0 = Debug|Any CPU
		{E2912D97-6A72-4E09-BCFE-B44C44052BD7}.Debug|x64.ActiveCfg = Debug|Any CPU
		{E2912D97-6A72-4E09-BCFE-B44C44052BD7}.Debug|x64.Build.0 = Debug|Any CPU
		{E2912D97-6A72-4E09-BCFE-B44C44052BD7}.Debug|x64.Deploy.0 = Debug|Any CPU
		{E2912D97-6A72-4E09-BCFE-B44C44052BD7}.Debug|x86.ActiveCfg = Debug|Any CPU
		{E2912D97-6A72-4E09-BCFE-B44C44052BD7}.Debug|x86.Build.0 = Debug|Any CPU
		{E2912D97-6A72-4E09-BCFE-B44C44052BD7}.Debug|x86.Deploy.0 = Debug|Any CPU
		{E2912D97-6A72-4E09-BCFE-B44C44052BD7}.Release|Any CPU.ActiveCfg = Release|Any CPU
		{E2912D97-6A72-4E09-BCFE-B44C44052BD7}.Release|Any CPU.Build.0 = Release|Any CPU
		{E2912D97-6A72-4E09-BCFE-B44C44052BD7}.Release|Any CPU.Deploy.0 = Release|Any CPU
		{E2912D97-6A72-4E09-BCFE-B44C44052BD7}.Release|ARM.ActiveCfg = Release|Any CPU
		{E2912D97-6A72-4E09-BCFE-B44C44052BD7}.Release|ARM.Build.0 = Release|Any CPU
		{E2912D97-6A72-4E09-BCFE-B44C44052BD7}.Release|ARM.Deploy.0 = Release|Any CPU
		{E2912D97-6A72-4E09-BCFE-B44C44052BD7}.Release|iPhone.ActiveCfg = Release|Any CPU
		{E2912D97-6A72-4E09-BCFE-B44C44052BD7}.Release|iPhone.Build.0 = Release|Any CPU
		{E2912D97-6A72-4E09-BCFE-B44C44052BD7}.Release|iPhone.Deploy.0 = Release|Any CPU
		{E2912D97-6A72-4E09-BCFE-B44C44052BD7}.Release|iPhoneSimulator.ActiveCfg = Release|Any CPU
		{E2912D97-6A72-4E09-BCFE-B44C44052BD7}.Release|iPhoneSimulator.Build.0 = Release|Any CPU
		{E2912D97-6A72-4E09-BCFE-B44C44052BD7}.Release|iPhoneSimulator.Deploy.0 = Release|Any CPU
		{E2912D97-6A72-4E09-BCFE-B44C44052BD7}.Release|x64.ActiveCfg = Release|Any CPU
		{E2912D97-6A72-4E09-BCFE-B44C44052BD7}.Release|x64.Build.0 = Release|Any CPU
		{E2912D97-6A72-4E09-BCFE-B44C44052BD7}.Release|x64.Deploy.0 = Release|Any CPU
		{E2912D97-6A72-4E09-BCFE-B44C44052BD7}.Release|x86.ActiveCfg = Release|Any CPU
		{E2912D97-6A72-4E09-BCFE-B44C44052BD7}.Release|x86.Build.0 = Release|Any CPU
		{E2912D97-6A72-4E09-BCFE-B44C44052BD7}.Release|x86.Deploy.0 = Release|Any CPU
		{C9959B4D-AED4-40F7-8E03-2F4E3FDF0D67}.Debug|Any CPU.ActiveCfg = Debug|iPhone
		{C9959B4D-AED4-40F7-8E03-2F4E3FDF0D67}.Debug|Any CPU.Build.0 = Debug|iPhone
		{C9959B4D-AED4-40F7-8E03-2F4E3FDF0D67}.Debug|Any CPU.Deploy.0 = Debug|iPhone
		{C9959B4D-AED4-40F7-8E03-2F4E3FDF0D67}.Debug|ARM.ActiveCfg = Debug|iPhoneSimulator
		{C9959B4D-AED4-40F7-8E03-2F4E3FDF0D67}.Debug|ARM.Build.0 = Debug|iPhoneSimulator
		{C9959B4D-AED4-40F7-8E03-2F4E3FDF0D67}.Debug|ARM.Deploy.0 = Debug|iPhoneSimulator
		{C9959B4D-AED4-40F7-8E03-2F4E3FDF0D67}.Debug|iPhone.ActiveCfg = Debug|iPhone
		{C9959B4D-AED4-40F7-8E03-2F4E3FDF0D67}.Debug|iPhone.Build.0 = Debug|iPhone
		{C9959B4D-AED4-40F7-8E03-2F4E3FDF0D67}.Debug|iPhone.Deploy.0 = Debug|iPhone
		{C9959B4D-AED4-40F7-8E03-2F4E3FDF0D67}.Debug|iPhoneSimulator.ActiveCfg = Debug|iPhoneSimulator
		{C9959B4D-AED4-40F7-8E03-2F4E3FDF0D67}.Debug|iPhoneSimulator.Build.0 = Debug|iPhoneSimulator
		{C9959B4D-AED4-40F7-8E03-2F4E3FDF0D67}.Debug|iPhoneSimulator.Deploy.0 = Debug|iPhoneSimulator
		{C9959B4D-AED4-40F7-8E03-2F4E3FDF0D67}.Debug|x64.ActiveCfg = Debug|iPhone
		{C9959B4D-AED4-40F7-8E03-2F4E3FDF0D67}.Debug|x64.Build.0 = Debug|iPhone
		{C9959B4D-AED4-40F7-8E03-2F4E3FDF0D67}.Debug|x64.Deploy.0 = Debug|iPhone
		{C9959B4D-AED4-40F7-8E03-2F4E3FDF0D67}.Debug|x86.ActiveCfg = Debug|iPhone
		{C9959B4D-AED4-40F7-8E03-2F4E3FDF0D67}.Debug|x86.Build.0 = Debug|iPhone
		{C9959B4D-AED4-40F7-8E03-2F4E3FDF0D67}.Debug|x86.Deploy.0 = Debug|iPhone
		{C9959B4D-AED4-40F7-8E03-2F4E3FDF0D67}.Release|Any CPU.ActiveCfg = Release|iPhone
		{C9959B4D-AED4-40F7-8E03-2F4E3FDF0D67}.Release|Any CPU.Build.0 = Release|iPhone
		{C9959B4D-AED4-40F7-8E03-2F4E3FDF0D67}.Release|Any CPU.Deploy.0 = Release|iPhone
		{C9959B4D-AED4-40F7-8E03-2F4E3FDF0D67}.Release|ARM.ActiveCfg = Release|iPhone
		{C9959B4D-AED4-40F7-8E03-2F4E3FDF0D67}.Release|ARM.Build.0 = Release|iPhone
		{C9959B4D-AED4-40F7-8E03-2F4E3FDF0D67}.Release|ARM.Deploy.0 = Release|iPhone
		{C9959B4D-AED4-40F7-8E03-2F4E3FDF0D67}.Release|iPhone.ActiveCfg = Release|iPhone
		{C9959B4D-AED4-40F7-8E03-2F4E3FDF0D67}.Release|iPhone.Build.0 = Release|iPhone
		{C9959B4D-AED4-40F7-8E03-2F4E3FDF0D67}.Release|iPhone.Deploy.0 = Release|iPhone
		{C9959B4D-AED4-40F7-8E03-2F4E3FDF0D67}.Release|iPhoneSimulator.ActiveCfg = Release|iPhoneSimulator
		{C9959B4D-AED4-40F7-8E03-2F4E3FDF0D67}.Release|iPhoneSimulator.Build.0 = Release|iPhoneSimulator
		{C9959B4D-AED4-40F7-8E03-2F4E3FDF0D67}.Release|iPhoneSimulator.Deploy.0 = Release|iPhoneSimulator
		{C9959B4D-AED4-40F7-8E03-2F4E3FDF0D67}.Release|x64.ActiveCfg = Release|iPhone
		{C9959B4D-AED4-40F7-8E03-2F4E3FDF0D67}.Release|x64.Build.0 = Release|iPhone
		{C9959B4D-AED4-40F7-8E03-2F4E3FDF0D67}.Release|x64.Deploy.0 = Release|iPhone
		{C9959B4D-AED4-40F7-8E03-2F4E3FDF0D67}.Release|x86.ActiveCfg = Release|iPhone
		{C9959B4D-AED4-40F7-8E03-2F4E3FDF0D67}.Release|x86.Build.0 = Release|iPhone
		{C9959B4D-AED4-40F7-8E03-2F4E3FDF0D67}.Release|x86.Deploy.0 = Release|iPhone
		{AEC0EFFC-A563-4BF3-9981-3120876694F6}.Debug|Any CPU.ActiveCfg = Debug|Any CPU
		{AEC0EFFC-A563-4BF3-9981-3120876694F6}.Debug|Any CPU.Build.0 = Debug|Any CPU
		{AEC0EFFC-A563-4BF3-9981-3120876694F6}.Debug|Any CPU.Deploy.0 = Debug|Any CPU
		{AEC0EFFC-A563-4BF3-9981-3120876694F6}.Debug|ARM.ActiveCfg = Debug|Any CPU
		{AEC0EFFC-A563-4BF3-9981-3120876694F6}.Debug|ARM.Build.0 = Debug|Any CPU
		{AEC0EFFC-A563-4BF3-9981-3120876694F6}.Debug|ARM.Deploy.0 = Debug|Any CPU
		{AEC0EFFC-A563-4BF3-9981-3120876694F6}.Debug|iPhone.ActiveCfg = Debug|Any CPU
		{AEC0EFFC-A563-4BF3-9981-3120876694F6}.Debug|iPhone.Build.0 = Debug|Any CPU
		{AEC0EFFC-A563-4BF3-9981-3120876694F6}.Debug|iPhone.Deploy.0 = Debug|Any CPU
		{AEC0EFFC-A563-4BF3-9981-3120876694F6}.Debug|iPhoneSimulator.ActiveCfg = Debug|Any CPU
		{AEC0EFFC-A563-4BF3-9981-3120876694F6}.Debug|iPhoneSimulator.Build.0 = Debug|Any CPU
		{AEC0EFFC-A563-4BF3-9981-3120876694F6}.Debug|iPhoneSimulator.Deploy.0 = Debug|Any CPU
		{AEC0EFFC-A563-4BF3-9981-3120876694F6}.Debug|x64.ActiveCfg = Debug|Any CPU
		{AEC0EFFC-A563-4BF3-9981-3120876694F6}.Debug|x64.Build.0 = Debug|Any CPU
		{AEC0EFFC-A563-4BF3-9981-3120876694F6}.Debug|x64.Deploy.0 = Debug|Any CPU
		{AEC0EFFC-A563-4BF3-9981-3120876694F6}.Debug|x86.ActiveCfg = Debug|Any CPU
		{AEC0EFFC-A563-4BF3-9981-3120876694F6}.Debug|x86.Build.0 = Debug|Any CPU
		{AEC0EFFC-A563-4BF3-9981-3120876694F6}.Debug|x86.Deploy.0 = Debug|Any CPU
		{AEC0EFFC-A563-4BF3-9981-3120876694F6}.Release|Any CPU.ActiveCfg = Release|Any CPU
		{AEC0EFFC-A563-4BF3-9981-3120876694F6}.Release|Any CPU.Build.0 = Release|Any CPU
		{AEC0EFFC-A563-4BF3-9981-3120876694F6}.Release|Any CPU.Deploy.0 = Release|Any CPU
		{AEC0EFFC-A563-4BF3-9981-3120876694F6}.Release|ARM.ActiveCfg = Release|Any CPU
		{AEC0EFFC-A563-4BF3-9981-3120876694F6}.Release|ARM.Build.0 = Release|Any CPU
		{AEC0EFFC-A563-4BF3-9981-3120876694F6}.Release|ARM.Deploy.0 = Release|Any CPU
		{AEC0EFFC-A563-4BF3-9981-3120876694F6}.Release|iPhone.ActiveCfg = Release|Any CPU
		{AEC0EFFC-A563-4BF3-9981-3120876694F6}.Release|iPhone.Build.0 = Release|Any CPU
		{AEC0EFFC-A563-4BF3-9981-3120876694F6}.Release|iPhone.Deploy.0 = Release|Any CPU
		{AEC0EFFC-A563-4BF3-9981-3120876694F6}.Release|iPhoneSimulator.ActiveCfg = Release|Any CPU
		{AEC0EFFC-A563-4BF3-9981-3120876694F6}.Release|iPhoneSimulator.Build.0 = Release|Any CPU
		{AEC0EFFC-A563-4BF3-9981-3120876694F6}.Release|iPhoneSimulator.Deploy.0 = Release|Any CPU
		{AEC0EFFC-A563-4BF3-9981-3120876694F6}.Release|x64.ActiveCfg = Release|Any CPU
		{AEC0EFFC-A563-4BF3-9981-3120876694F6}.Release|x64.Build.0 = Release|Any CPU
		{AEC0EFFC-A563-4BF3-9981-3120876694F6}.Release|x64.Deploy.0 = Release|Any CPU
		{AEC0EFFC-A563-4BF3-9981-3120876694F6}.Release|x86.ActiveCfg = Release|Any CPU
		{AEC0EFFC-A563-4BF3-9981-3120876694F6}.Release|x86.Build.0 = Release|Any CPU
		{AEC0EFFC-A563-4BF3-9981-3120876694F6}.Release|x86.Deploy.0 = Release|Any CPU
	EndGlobalSection
	GlobalSection(SolutionProperties) = preSolution
		HideSolutionNode = FALSE
	EndGlobalSection
	GlobalSection(ExtensibilityGlobals) = postSolution
		SolutionGuid = {0761A97E-DAB1-4867-BB1A-3A32A35F8A5A}
	EndGlobalSection
EndGlobal
